// !$*UTF8*$!
{
	archiveVersion = 1;
	classes = {
	};
	objectVersion = 55;
	objects = {

/* Begin PBXBuildFile section */
		796726E328BC68E600A008BC /* AppDelegate.swift in Sources */ = {isa = PBXBuildFile; fileRef = 796726E228BC68E600A008BC /* AppDelegate.swift */; };
		796726E528BC68E600A008BC /* SceneDelegate.swift in Sources */ = {isa = PBXBuildFile; fileRef = 796726E428BC68E600A008BC /* SceneDelegate.swift */; };
		796726EA28BC68E600A008BC /* Main.storyboard in Resources */ = {isa = PBXBuildFile; fileRef = 796726E828BC68E600A008BC /* Main.storyboard */; };
		796726EC28BC68E700A008BC /* Assets.xcassets in Resources */ = {isa = PBXBuildFile; fileRef = 796726EB28BC68E700A008BC /* Assets.xcassets */; };
		796726EF28BC68E700A008BC /* LaunchScreen.storyboard in Resources */ = {isa = PBXBuildFile; fileRef = 796726ED28BC68E700A008BC /* LaunchScreen.storyboard */; };
		7967270328BC6B0E00A008BC /* UIView+Extensions.swift in Sources */ = {isa = PBXBuildFile; fileRef = 7967270228BC6B0E00A008BC /* UIView+Extensions.swift */; };
		7967270628BC6B4100A008BC /* WorkoutTableViewCell.swift in Sources */ = {isa = PBXBuildFile; fileRef = 7967270428BC6B4100A008BC /* WorkoutTableViewCell.swift */; };
		7967270728BC6B4100A008BC /* WorkoutTableViewCell.xib in Resources */ = {isa = PBXBuildFile; fileRef = 7967270528BC6B4100A008BC /* WorkoutTableViewCell.xib */; };
		7967271328BC790100A008BC /* WorkoutViewController.swift in Sources */ = {isa = PBXBuildFile; fileRef = 7967271228BC790100A008BC /* WorkoutViewController.swift */; };
		7967272228BC7E1400A008BC /* Workout.swift in Sources */ = {isa = PBXBuildFile; fileRef = 7967272128BC7E1400A008BC /* Workout.swift */; };
		7967272928BC7FB600A008BC /* Dictionary+Extensions.swift in Sources */ = {isa = PBXBuildFile; fileRef = 7967272828BC7FB600A008BC /* Dictionary+Extensions.swift */; };
		7967272D28BC832A00A008BC /* ServerData.json in Resources */ = {isa = PBXBuildFile; fileRef = 7967272C28BC832A00A008BC /* ServerData.json */; };
		79D63E0F28BC88F9004D80E8 /* HealthKit.framework in Frameworks */ = {isa = PBXBuildFile; fileRef = 79D63E0E28BC88F9004D80E8 /* HealthKit.framework */; };
		79D63E1128BC95EE004D80E8 /* WorkoutViewModel.swift in Sources */ = {isa = PBXBuildFile; fileRef = 79D63E1028BC95EE004D80E8 /* WorkoutViewModel.swift */; };
		79D63E2328BCB545004D80E8 /* Roboto-Medium.ttf in Resources */ = {isa = PBXBuildFile; fileRef = 79D63E1628BCB545004D80E8 /* Roboto-Medium.ttf */; };
		79D63E2428BCB545004D80E8 /* Roboto-Light.ttf in Resources */ = {isa = PBXBuildFile; fileRef = 79D63E1728BCB545004D80E8 /* Roboto-Light.ttf */; };
		79D63E2528BCB545004D80E8 /* Roboto-Regular.ttf in Resources */ = {isa = PBXBuildFile; fileRef = 79D63E1828BCB545004D80E8 /* Roboto-Regular.ttf */; };
		79D63E2628BCB545004D80E8 /* Roboto-MediumItalic.ttf in Resources */ = {isa = PBXBuildFile; fileRef = 79D63E1928BCB545004D80E8 /* Roboto-MediumItalic.ttf */; };
		79D63E2728BCB545004D80E8 /* Roboto-ThinItalic.ttf in Resources */ = {isa = PBXBuildFile; fileRef = 79D63E1A28BCB545004D80E8 /* Roboto-ThinItalic.ttf */; };
		79D63E2828BCB545004D80E8 /* Roboto-BoldItalic.ttf in Resources */ = {isa = PBXBuildFile; fileRef = 79D63E1B28BCB545004D80E8 /* Roboto-BoldItalic.ttf */; };
		79D63E2928BCB545004D80E8 /* Roboto-LightItalic.ttf in Resources */ = {isa = PBXBuildFile; fileRef = 79D63E1C28BCB545004D80E8 /* Roboto-LightItalic.ttf */; };
		79D63E2A28BCB545004D80E8 /* Roboto-Italic.ttf in Resources */ = {isa = PBXBuildFile; fileRef = 79D63E1D28BCB545004D80E8 /* Roboto-Italic.ttf */; };
		79D63E2B28BCB545004D80E8 /* LICENSE.txt in Resources */ = {isa = PBXBuildFile; fileRef = 79D63E1E28BCB545004D80E8 /* LICENSE.txt */; };
		79D63E2C28BCB545004D80E8 /* Roboto-BlackItalic.ttf in Resources */ = {isa = PBXBuildFile; fileRef = 79D63E1F28BCB545004D80E8 /* Roboto-BlackItalic.ttf */; };
		79D63E2D28BCB545004D80E8 /* Roboto-Bold.ttf in Resources */ = {isa = PBXBuildFile; fileRef = 79D63E2028BCB545004D80E8 /* Roboto-Bold.ttf */; };
		79D63E2E28BCB545004D80E8 /* Roboto-Thin.ttf in Resources */ = {isa = PBXBuildFile; fileRef = 79D63E2128BCB545004D80E8 /* Roboto-Thin.ttf */; };
		79D63E2F28BCB545004D80E8 /* Roboto-Black.ttf in Resources */ = {isa = PBXBuildFile; fileRef = 79D63E2228BCB545004D80E8 /* Roboto-Black.ttf */; };
		79DBEC5228BD9C4C00536EE3 /* HomeViewController.swift in Sources */ = {isa = PBXBuildFile; fileRef = 79DBEC5128BD9C4C00536EE3 /* HomeViewController.swift */; };
		79DBEC5528BDA06200536EE3 /* WalkView.swift in Sources */ = {isa = PBXBuildFile; fileRef = 79DBEC5428BDA06200536EE3 /* WalkView.swift */; };
		79DBEC5728BDA11200536EE3 /* WaterView.swift in Sources */ = {isa = PBXBuildFile; fileRef = 79DBEC5628BDA11200536EE3 /* WaterView.swift */; };
		79DBEC5928BDA12200536EE3 /* CaloriesView.swift in Sources */ = {isa = PBXBuildFile; fileRef = 79DBEC5828BDA12200536EE3 /* CaloriesView.swift */; };
		79DBEC5B28BDA12A00536EE3 /* SleepView.swift in Sources */ = {isa = PBXBuildFile; fileRef = 79DBEC5A28BDA12A00536EE3 /* SleepView.swift */; };
		79DBEC5D28BDA13600536EE3 /* HeartView.swift in Sources */ = {isa = PBXBuildFile; fileRef = 79DBEC5C28BDA13600536EE3 /* HeartView.swift */; };
		79DBEC6428BDD97200536EE3 /* WidgetView.swift in Sources */ = {isa = PBXBuildFile; fileRef = 79DBEC6328BDD97200536EE3 /* WidgetView.swift */; };
		79DBEC6628BDD99700536EE3 /* PointWidgetView.swift in Sources */ = {isa = PBXBuildFile; fileRef = 79DBEC6528BDD99700536EE3 /* PointWidgetView.swift */; };
/* End PBXBuildFile section */

/* Begin PBXFileReference section */
		796726DF28BC68E600A008BC /* HealthKit-Example.app */ = {isa = PBXFileReference; explicitFileType = wrapper.application; includeInIndex = 0; path = "HealthKit-Example.app"; sourceTree = BUILT_PRODUCTS_DIR; };
		796726E228BC68E600A008BC /* AppDelegate.swift */ = {isa = PBXFileReference; lastKnownFileType = sourcecode.swift; path = AppDelegate.swift; sourceTree = "<group>"; };
		796726E428BC68E600A008BC /* SceneDelegate.swift */ = {isa = PBXFileReference; lastKnownFileType = sourcecode.swift; path = SceneDelegate.swift; sourceTree = "<group>"; };
		796726E928BC68E600A008BC /* Base */ = {isa = PBXFileReference; lastKnownFileType = file.storyboard; name = Base; path = Base.lproj/Main.storyboard; sourceTree = "<group>"; };
		796726EB28BC68E700A008BC /* Assets.xcassets */ = {isa = PBXFileReference; lastKnownFileType = folder.assetcatalog; path = Assets.xcassets; sourceTree = "<group>"; };
		796726EE28BC68E700A008BC /* Base */ = {isa = PBXFileReference; lastKnownFileType = file.storyboard; name = Base; path = Base.lproj/LaunchScreen.storyboard; sourceTree = "<group>"; };
		796726F028BC68E700A008BC /* Info.plist */ = {isa = PBXFileReference; lastKnownFileType = text.plist.xml; path = Info.plist; sourceTree = "<group>"; };
		7967270228BC6B0E00A008BC /* UIView+Extensions.swift */ = {isa = PBXFileReference; lastKnownFileType = sourcecode.swift; path = "UIView+Extensions.swift"; sourceTree = "<group>"; };
		7967270428BC6B4100A008BC /* WorkoutTableViewCell.swift */ = {isa = PBXFileReference; lastKnownFileType = sourcecode.swift; path = WorkoutTableViewCell.swift; sourceTree = "<group>"; };
		7967270528BC6B4100A008BC /* WorkoutTableViewCell.xib */ = {isa = PBXFileReference; lastKnownFileType = file.xib; path = WorkoutTableViewCell.xib; sourceTree = "<group>"; };
		7967271228BC790100A008BC /* WorkoutViewController.swift */ = {isa = PBXFileReference; lastKnownFileType = sourcecode.swift; path = WorkoutViewController.swift; sourceTree = "<group>"; };
		7967272128BC7E1400A008BC /* Workout.swift */ = {isa = PBXFileReference; lastKnownFileType = sourcecode.swift; path = Workout.swift; sourceTree = "<group>"; };
		7967272828BC7FB600A008BC /* Dictionary+Extensions.swift */ = {isa = PBXFileReference; lastKnownFileType = sourcecode.swift; path = "Dictionary+Extensions.swift"; sourceTree = "<group>"; };
		7967272C28BC832A00A008BC /* ServerData.json */ = {isa = PBXFileReference; fileEncoding = 4; lastKnownFileType = text.json; path = ServerData.json; sourceTree = "<group>"; };
		79D63E0C28BC88F9004D80E8 /* HealthKit-Example.entitlements */ = {isa = PBXFileReference; lastKnownFileType = text.plist.entitlements; path = "HealthKit-Example.entitlements"; sourceTree = "<group>"; };
		79D63E0E28BC88F9004D80E8 /* HealthKit.framework */ = {isa = PBXFileReference; lastKnownFileType = wrapper.framework; name = HealthKit.framework; path = System/Library/Frameworks/HealthKit.framework; sourceTree = SDKROOT; };
		79D63E1028BC95EE004D80E8 /* WorkoutViewModel.swift */ = {isa = PBXFileReference; lastKnownFileType = sourcecode.swift; path = WorkoutViewModel.swift; sourceTree = "<group>"; };
		79D63E1628BCB545004D80E8 /* Roboto-Medium.ttf */ = {isa = PBXFileReference; lastKnownFileType = file; path = "Roboto-Medium.ttf"; sourceTree = "<group>"; };
		79D63E1728BCB545004D80E8 /* Roboto-Light.ttf */ = {isa = PBXFileReference; lastKnownFileType = file; path = "Roboto-Light.ttf"; sourceTree = "<group>"; };
		79D63E1828BCB545004D80E8 /* Roboto-Regular.ttf */ = {isa = PBXFileReference; lastKnownFileType = file; path = "Roboto-Regular.ttf"; sourceTree = "<group>"; };
		79D63E1928BCB545004D80E8 /* Roboto-MediumItalic.ttf */ = {isa = PBXFileReference; lastKnownFileType = file; path = "Roboto-MediumItalic.ttf"; sourceTree = "<group>"; };
		79D63E1A28BCB545004D80E8 /* Roboto-ThinItalic.ttf */ = {isa = PBXFileReference; lastKnownFileType = file; path = "Roboto-ThinItalic.ttf"; sourceTree = "<group>"; };
		79D63E1B28BCB545004D80E8 /* Roboto-BoldItalic.ttf */ = {isa = PBXFileReference; lastKnownFileType = file; path = "Roboto-BoldItalic.ttf"; sourceTree = "<group>"; };
		79D63E1C28BCB545004D80E8 /* Roboto-LightItalic.ttf */ = {isa = PBXFileReference; lastKnownFileType = file; path = "Roboto-LightItalic.ttf"; sourceTree = "<group>"; };
		79D63E1D28BCB545004D80E8 /* Roboto-Italic.ttf */ = {isa = PBXFileReference; lastKnownFileType = file; path = "Roboto-Italic.ttf"; sourceTree = "<group>"; };
		79D63E1E28BCB545004D80E8 /* LICENSE.txt */ = {isa = PBXFileReference; fileEncoding = 4; lastKnownFileType = text; path = LICENSE.txt; sourceTree = "<group>"; };
		79D63E1F28BCB545004D80E8 /* Roboto-BlackItalic.ttf */ = {isa = PBXFileReference; lastKnownFileType = file; path = "Roboto-BlackItalic.ttf"; sourceTree = "<group>"; };
		79D63E2028BCB545004D80E8 /* Roboto-Bold.ttf */ = {isa = PBXFileReference; lastKnownFileType = file; path = "Roboto-Bold.ttf"; sourceTree = "<group>"; };
		79D63E2128BCB545004D80E8 /* Roboto-Thin.ttf */ = {isa = PBXFileReference; lastKnownFileType = file; path = "Roboto-Thin.ttf"; sourceTree = "<group>"; };
		79D63E2228BCB545004D80E8 /* Roboto-Black.ttf */ = {isa = PBXFileReference; lastKnownFileType = file; path = "Roboto-Black.ttf"; sourceTree = "<group>"; };
		79DBEC5128BD9C4C00536EE3 /* HomeViewController.swift */ = {isa = PBXFileReference; lastKnownFileType = sourcecode.swift; path = HomeViewController.swift; sourceTree = "<group>"; };
		79DBEC5428BDA06200536EE3 /* WalkView.swift */ = {isa = PBXFileReference; lastKnownFileType = sourcecode.swift; path = WalkView.swift; sourceTree = "<group>"; };
		79DBEC5628BDA11200536EE3 /* WaterView.swift */ = {isa = PBXFileReference; lastKnownFileType = sourcecode.swift; path = WaterView.swift; sourceTree = "<group>"; };
		79DBEC5828BDA12200536EE3 /* CaloriesView.swift */ = {isa = PBXFileReference; lastKnownFileType = sourcecode.swift; path = CaloriesView.swift; sourceTree = "<group>"; };
		79DBEC5A28BDA12A00536EE3 /* SleepView.swift */ = {isa = PBXFileReference; lastKnownFileType = sourcecode.swift; path = SleepView.swift; sourceTree = "<group>"; };
		79DBEC5C28BDA13600536EE3 /* HeartView.swift */ = {isa = PBXFileReference; lastKnownFileType = sourcecode.swift; path = HeartView.swift; sourceTree = "<group>"; };
		79DBEC6328BDD97200536EE3 /* WidgetView.swift */ = {isa = PBXFileReference; lastKnownFileType = sourcecode.swift; path = WidgetView.swift; sourceTree = "<group>"; };
		79DBEC6528BDD99700536EE3 /* PointWidgetView.swift */ = {isa = PBXFileReference; lastKnownFileType = sourcecode.swift; path = PointWidgetView.swift; sourceTree = "<group>"; };
/* End PBXFileReference section */

/* Begin PBXFrameworksBuildPhase section */
		796726DC28BC68E600A008BC /* Frameworks */ = {
			isa = PBXFrameworksBuildPhase;
			buildActionMask = 2147483647;
			files = (
				79D63E0F28BC88F9004D80E8 /* HealthKit.framework in Frameworks */,
			);
			runOnlyForDeploymentPostprocessing = 0;
		};
/* End PBXFrameworksBuildPhase section */

/* Begin PBXGroup section */
		796726D628BC68E600A008BC = {
			isa = PBXGroup;
			children = (
				7967272C28BC832A00A008BC /* ServerData.json */,
				796726E128BC68E600A008BC /* HealthKit-Example */,
				796726E028BC68E600A008BC /* Products */,
				79D63E0D28BC88F9004D80E8 /* Frameworks */,
			);
			sourceTree = "<group>";
		};
		796726E028BC68E600A008BC /* Products */ = {
			isa = PBXGroup;
			children = (
				796726DF28BC68E600A008BC /* HealthKit-Example.app */,
			);
			name = Products;
			sourceTree = "<group>";
		};
		796726E128BC68E600A008BC /* HealthKit-Example */ = {
			isa = PBXGroup;
			children = (
				796726F728BC692700A008BC /* Extensions */,
				7967272528BC7EBD00A008BC /* Services */,
				7967272B28BC825E00A008BC /* Views */,
				7967271028BC78DD00A008BC /* Models */,
				7967271128BC78E200A008BC /* ViewModels */,
				796726FB28BC695A00A008BC /* Controllers */,
				796726F628BC691300A008BC /* Delegate */,
				796726F928BC693B00A008BC /* Storyboard */,
				796726F828BC692E00A008BC /* Resources */,
			);
			path = "HealthKit-Example";
			sourceTree = "<group>";
		};
		796726F628BC691300A008BC /* Delegate */ = {
			isa = PBXGroup;
			children = (
				796726E228BC68E600A008BC /* AppDelegate.swift */,
				796726E428BC68E600A008BC /* SceneDelegate.swift */,
			);
			path = Delegate;
			sourceTree = "<group>";
		};
		796726F728BC692700A008BC /* Extensions */ = {
			isa = PBXGroup;
			children = (
				7967270228BC6B0E00A008BC /* UIView+Extensions.swift */,
				7967272828BC7FB600A008BC /* Dictionary+Extensions.swift */,
			);
			path = Extensions;
			sourceTree = "<group>";
		};
		796726F828BC692E00A008BC /* Resources */ = {
			isa = PBXGroup;
			children = (
				79D63E0C28BC88F9004D80E8 /* HealthKit-Example.entitlements */,
				79D63E1428BCB545004D80E8 /* Fonts */,
				79D63E1228BC9710004D80E8 /* Images */,
				796726EB28BC68E700A008BC /* Assets.xcassets */,
				796726F028BC68E700A008BC /* Info.plist */,
			);
			path = Resources;
			sourceTree = "<group>";
		};
		796726F928BC693B00A008BC /* Storyboard */ = {
			isa = PBXGroup;
			children = (
				796726E828BC68E600A008BC /* Main.storyboard */,
				796726ED28BC68E700A008BC /* LaunchScreen.storyboard */,
			);
			path = Storyboard;
			sourceTree = "<group>";
		};
		796726FB28BC695A00A008BC /* Controllers */ = {
			isa = PBXGroup;
			children = (
				7967271228BC790100A008BC /* WorkoutViewController.swift */,
				79DBEC5128BD9C4C00536EE3 /* HomeViewController.swift */,
			);
			path = Controllers;
			sourceTree = "<group>";
		};
		796726FF28BC6AA400A008BC /* Cells */ = {
			isa = PBXGroup;
			children = (
				7967270428BC6B4100A008BC /* WorkoutTableViewCell.swift */,
				7967270528BC6B4100A008BC /* WorkoutTableViewCell.xib */,
			);
			path = Cells;
			sourceTree = "<group>";
		};
		7967271028BC78DD00A008BC /* Models */ = {
			isa = PBXGroup;
			children = (
				7967272128BC7E1400A008BC /* Workout.swift */,
			);
			path = Models;
			sourceTree = "<group>";
		};
		7967271128BC78E200A008BC /* ViewModels */ = {
			isa = PBXGroup;
			children = (
				79D63E1028BC95EE004D80E8 /* WorkoutViewModel.swift */,
			);
			path = ViewModels;
			sourceTree = "<group>";
		};
		7967272528BC7EBD00A008BC /* Services */ = {
			isa = PBXGroup;
			children = (
			);
			path = Services;
			sourceTree = "<group>";
		};
		7967272B28BC825E00A008BC /* Views */ = {
			isa = PBXGroup;
			children = (
				79DBEC6328BDD97200536EE3 /* WidgetView.swift */,
				79DBEC6528BDD99700536EE3 /* PointWidgetView.swift */,
				79DBEC5328BDA04F00536EE3 /* Home */,
				796726FF28BC6AA400A008BC /* Cells */,
			);
			path = Views;
			sourceTree = "<group>";
		};
		79D63E0D28BC88F9004D80E8 /* Frameworks */ = {
			isa = PBXGroup;
			children = (
				79D63E0E28BC88F9004D80E8 /* HealthKit.framework */,
			);
			name = Frameworks;
			sourceTree = "<group>";
		};
		79D63E1228BC9710004D80E8 /* Images */ = {
			isa = PBXGroup;
			children = (
			);
			path = Images;
			sourceTree = "<group>";
		};
		79D63E1428BCB545004D80E8 /* Fonts */ = {
			isa = PBXGroup;
			children = (
				79D63E1528BCB545004D80E8 /* Roboto */,
			);
			path = Fonts;
			sourceTree = "<group>";
		};
		79D63E1528BCB545004D80E8 /* Roboto */ = {
			isa = PBXGroup;
			children = (
				79D63E1628BCB545004D80E8 /* Roboto-Medium.ttf */,
				79D63E1728BCB545004D80E8 /* Roboto-Light.ttf */,
				79D63E1828BCB545004D80E8 /* Roboto-Regular.ttf */,
				79D63E1928BCB545004D80E8 /* Roboto-MediumItalic.ttf */,
				79D63E1A28BCB545004D80E8 /* Roboto-ThinItalic.ttf */,
				79D63E1B28BCB545004D80E8 /* Roboto-BoldItalic.ttf */,
				79D63E1C28BCB545004D80E8 /* Roboto-LightItalic.ttf */,
				79D63E1D28BCB545004D80E8 /* Roboto-Italic.ttf */,
				79D63E1E28BCB545004D80E8 /* LICENSE.txt */,
				79D63E1F28BCB545004D80E8 /* Roboto-BlackItalic.ttf */,
				79D63E2028BCB545004D80E8 /* Roboto-Bold.ttf */,
				79D63E2128BCB545004D80E8 /* Roboto-Thin.ttf */,
				79D63E2228BCB545004D80E8 /* Roboto-Black.ttf */,
			);
			path = Roboto;
			sourceTree = "<group>";
		};
		79DBEC5328BDA04F00536EE3 /* Home */ = {
			isa = PBXGroup;
			children = (
				79DBEC5428BDA06200536EE3 /* WalkView.swift */,
				79DBEC5628BDA11200536EE3 /* WaterView.swift */,
				79DBEC5828BDA12200536EE3 /* CaloriesView.swift */,
				79DBEC5A28BDA12A00536EE3 /* SleepView.swift */,
				79DBEC5C28BDA13600536EE3 /* HeartView.swift */,
			);
			path = Home;
			sourceTree = "<group>";
		};
/* End PBXGroup section */

/* Begin PBXNativeTarget section */
		796726DE28BC68E600A008BC /* HealthKit-Example */ = {
			isa = PBXNativeTarget;
			buildConfigurationList = 796726F328BC68E700A008BC /* Build configuration list for PBXNativeTarget "HealthKit-Example" */;
			buildPhases = (
				796726DB28BC68E600A008BC /* Sources */,
				796726DC28BC68E600A008BC /* Frameworks */,
				796726DD28BC68E600A008BC /* Resources */,
			);
			buildRules = (
			);
			dependencies = (
			);
			name = "HealthKit-Example";
			packageProductDependencies = (
			);
			productName = "HealthKit-Example";
			productReference = 796726DF28BC68E600A008BC /* HealthKit-Example.app */;
			productType = "com.apple.product-type.application";
		};
/* End PBXNativeTarget section */

/* Begin PBXProject section */
		796726D728BC68E600A008BC /* Project object */ = {
			isa = PBXProject;
			attributes = {
				BuildIndependentTargetsInParallel = 1;
				LastSwiftUpdateCheck = 1340;
				LastUpgradeCheck = 1340;
				TargetAttributes = {
					796726DE28BC68E600A008BC = {
						CreatedOnToolsVersion = 13.4;
					};
				};
			};
			buildConfigurationList = 796726DA28BC68E600A008BC /* Build configuration list for PBXProject "HealthKit-Example" */;
			compatibilityVersion = "Xcode 13.0";
			developmentRegion = en;
			hasScannedForEncodings = 0;
			knownRegions = (
				en,
				Base,
			);
			mainGroup = 796726D628BC68E600A008BC;
			packageReferences = (
			);
			productRefGroup = 796726E028BC68E600A008BC /* Products */;
			projectDirPath = "";
			projectRoot = "";
			targets = (
				796726DE28BC68E600A008BC /* HealthKit-Example */,
			);
		};
/* End PBXProject section */

/* Begin PBXResourcesBuildPhase section */
		796726DD28BC68E600A008BC /* Resources */ = {
			isa = PBXResourcesBuildPhase;
			buildActionMask = 2147483647;
			files = (
				79D63E2728BCB545004D80E8 /* Roboto-ThinItalic.ttf in Resources */,
				79D63E2828BCB545004D80E8 /* Roboto-BoldItalic.ttf in Resources */,
				79D63E2E28BCB545004D80E8 /* Roboto-Thin.ttf in Resources */,
				79D63E2928BCB545004D80E8 /* Roboto-LightItalic.ttf in Resources */,
				796726EF28BC68E700A008BC /* LaunchScreen.storyboard in Resources */,
				79D63E2F28BCB545004D80E8 /* Roboto-Black.ttf in Resources */,
				796726EC28BC68E700A008BC /* Assets.xcassets in Resources */,
				79D63E2A28BCB545004D80E8 /* Roboto-Italic.ttf in Resources */,
				79D63E2B28BCB545004D80E8 /* LICENSE.txt in Resources */,
				79D63E2C28BCB545004D80E8 /* Roboto-BlackItalic.ttf in Resources */,
				79D63E2528BCB545004D80E8 /* Roboto-Regular.ttf in Resources */,
				79D63E2328BCB545004D80E8 /* Roboto-Medium.ttf in Resources */,
				796726EA28BC68E600A008BC /* Main.storyboard in Resources */,
				79D63E2428BCB545004D80E8 /* Roboto-Light.ttf in Resources */,
				7967272D28BC832A00A008BC /* ServerData.json in Resources */,
				79D63E2628BCB545004D80E8 /* Roboto-MediumItalic.ttf in Resources */,
				79D63E2D28BCB545004D80E8 /* Roboto-Bold.ttf in Resources */,
				7967270728BC6B4100A008BC /* WorkoutTableViewCell.xib in Resources */,
			);
			runOnlyForDeploymentPostprocessing = 0;
		};
/* End PBXResourcesBuildPhase section */

/* Begin PBXSourcesBuildPhase section */
		796726DB28BC68E600A008BC /* Sources */ = {
			isa = PBXSourcesBuildPhase;
			buildActionMask = 2147483647;
			files = (
				79D63E1128BC95EE004D80E8 /* WorkoutViewModel.swift in Sources */,
				7967272928BC7FB600A008BC /* Dictionary+Extensions.swift in Sources */,
				796726E328BC68E600A008BC /* AppDelegate.swift in Sources */,
				7967270328BC6B0E00A008BC /* UIView+Extensions.swift in Sources */,
				79DBEC5728BDA11200536EE3 /* WaterView.swift in Sources */,
				7967271328BC790100A008BC /* WorkoutViewController.swift in Sources */,
				79DBEC5928BDA12200536EE3 /* CaloriesView.swift in Sources */,
				79DBEC5B28BDA12A00536EE3 /* SleepView.swift in Sources */,
				79DBEC5228BD9C4C00536EE3 /* HomeViewController.swift in Sources */,
				79DBEC6628BDD99700536EE3 /* PointWidgetView.swift in Sources */,
				79DBEC6428BDD97200536EE3 /* WidgetView.swift in Sources */,
				79DBEC5D28BDA13600536EE3 /* HeartView.swift in Sources */,
				7967270628BC6B4100A008BC /* WorkoutTableViewCell.swift in Sources */,
				79DBEC5528BDA06200536EE3 /* WalkView.swift in Sources */,
				796726E528BC68E600A008BC /* SceneDelegate.swift in Sources */,
				7967272228BC7E1400A008BC /* Workout.swift in Sources */,
			);
			runOnlyForDeploymentPostprocessing = 0;
		};
/* End PBXSourcesBuildPhase section */

/* Begin PBXVariantGroup section */
		796726E828BC68E600A008BC /* Main.storyboard */ = {
			isa = PBXVariantGroup;
			children = (
				796726E928BC68E600A008BC /* Base */,
			);
			name = Main.storyboard;
			sourceTree = "<group>";
		};
		796726ED28BC68E700A008BC /* LaunchScreen.storyboard */ = {
			isa = PBXVariantGroup;
			children = (
				796726EE28BC68E700A008BC /* Base */,
			);
			name = LaunchScreen.storyboard;
			sourceTree = "<group>";
		};
/* End PBXVariantGroup section */

/* Begin XCBuildConfiguration section */
		796726F128BC68E700A008BC /* Debug */ = {
			isa = XCBuildConfiguration;
			buildSettings = {
				ALWAYS_SEARCH_USER_PATHS = NO;
				CLANG_ANALYZER_NONNULL = YES;
				CLANG_ANALYZER_NUMBER_OBJECT_CONVERSION = YES_AGGRESSIVE;
				CLANG_CXX_LANGUAGE_STANDARD = "gnu++17";
				CLANG_ENABLE_MODULES = YES;
				CLANG_ENABLE_OBJC_ARC = YES;
				CLANG_ENABLE_OBJC_WEAK = YES;
				CLANG_WARN_BLOCK_CAPTURE_AUTORELEASING = YES;
				CLANG_WARN_BOOL_CONVERSION = YES;
				CLANG_WARN_COMMA = YES;
				CLANG_WARN_CONSTANT_CONVERSION = YES;
				CLANG_WARN_DEPRECATED_OBJC_IMPLEMENTATIONS = YES;
				CLANG_WARN_DIRECT_OBJC_ISA_USAGE = YES_ERROR;
				CLANG_WARN_DOCUMENTATION_COMMENTS = YES;
				CLANG_WARN_EMPTY_BODY = YES;
				CLANG_WARN_ENUM_CONVERSION = YES;
				CLANG_WARN_INFINITE_RECURSION = YES;
				CLANG_WARN_INT_CONVERSION = YES;
				CLANG_WARN_NON_LITERAL_NULL_CONVERSION = YES;
				CLANG_WARN_OBJC_IMPLICIT_RETAIN_SELF = YES;
				CLANG_WARN_OBJC_LITERAL_CONVERSION = YES;
				CLANG_WARN_OBJC_ROOT_CLASS = YES_ERROR;
				CLANG_WARN_QUOTED_INCLUDE_IN_FRAMEWORK_HEADER = YES;
				CLANG_WARN_RANGE_LOOP_ANALYSIS = YES;
				CLANG_WARN_STRICT_PROTOTYPES = YES;
				CLANG_WARN_SUSPICIOUS_MOVE = YES;
				CLANG_WARN_UNGUARDED_AVAILABILITY = YES_AGGRESSIVE;
				CLANG_WARN_UNREACHABLE_CODE = YES;
				CLANG_WARN__DUPLICATE_METHOD_MATCH = YES;
				COPY_PHASE_STRIP = NO;
				DEBUG_INFORMATION_FORMAT = dwarf;
				ENABLE_STRICT_OBJC_MSGSEND = YES;
				ENABLE_TESTABILITY = YES;
				GCC_C_LANGUAGE_STANDARD = gnu11;
				GCC_DYNAMIC_NO_PIC = NO;
				GCC_NO_COMMON_BLOCKS = YES;
				GCC_OPTIMIZATION_LEVEL = 0;
				GCC_PREPROCESSOR_DEFINITIONS = (
					"DEBUG=1",
					"$(inherited)",
				);
				GCC_WARN_64_TO_32_BIT_CONVERSION = YES;
				GCC_WARN_ABOUT_RETURN_TYPE = YES_ERROR;
				GCC_WARN_UNDECLARED_SELECTOR = YES;
				GCC_WARN_UNINITIALIZED_AUTOS = YES_AGGRESSIVE;
				GCC_WARN_UNUSED_FUNCTION = YES;
				GCC_WARN_UNUSED_VARIABLE = YES;
				IPHONEOS_DEPLOYMENT_TARGET = 15.5;
				MTL_ENABLE_DEBUG_INFO = INCLUDE_SOURCE;
				MTL_FAST_MATH = YES;
				ONLY_ACTIVE_ARCH = YES;
				SDKROOT = iphoneos;
				SWIFT_ACTIVE_COMPILATION_CONDITIONS = DEBUG;
				SWIFT_OPTIMIZATION_LEVEL = "-Onone";
			};
			name = Debug;
		};
		796726F228BC68E700A008BC /* Release */ = {
			isa = XCBuildConfiguration;
			buildSettings = {
				ALWAYS_SEARCH_USER_PATHS = NO;
				CLANG_ANALYZER_NONNULL = YES;
				CLANG_ANALYZER_NUMBER_OBJECT_CONVERSION = YES_AGGRESSIVE;
				CLANG_CXX_LANGUAGE_STANDARD = "gnu++17";
				CLANG_ENABLE_MODULES = YES;
				CLANG_ENABLE_OBJC_ARC = YES;
				CLANG_ENABLE_OBJC_WEAK = YES;
				CLANG_WARN_BLOCK_CAPTURE_AUTORELEASING = YES;
				CLANG_WARN_BOOL_CONVERSION = YES;
				CLANG_WARN_COMMA = YES;
				CLANG_WARN_CONSTANT_CONVERSION = YES;
				CLANG_WARN_DEPRECATED_OBJC_IMPLEMENTATIONS = YES;
				CLANG_WARN_DIRECT_OBJC_ISA_USAGE = YES_ERROR;
				CLANG_WARN_DOCUMENTATION_COMMENTS = YES;
				CLANG_WARN_EMPTY_BODY = YES;
				CLANG_WARN_ENUM_CONVERSION = YES;
				CLANG_WARN_INFINITE_RECURSION = YES;
				CLANG_WARN_INT_CONVERSION = YES;
				CLANG_WARN_NON_LITERAL_NULL_CONVERSION = YES;
				CLANG_WARN_OBJC_IMPLICIT_RETAIN_SELF = YES;
				CLANG_WARN_OBJC_LITERAL_CONVERSION = YES;
				CLANG_WARN_OBJC_ROOT_CLASS = YES_ERROR;
				CLANG_WARN_QUOTED_INCLUDE_IN_FRAMEWORK_HEADER = YES;
				CLANG_WARN_RANGE_LOOP_ANALYSIS = YES;
				CLANG_WARN_STRICT_PROTOTYPES = YES;
				CLANG_WARN_SUSPICIOUS_MOVE = YES;
				CLANG_WARN_UNGUARDED_AVAILABILITY = YES_AGGRESSIVE;
				CLANG_WARN_UNREACHABLE_CODE = YES;
				CLANG_WARN__DUPLICATE_METHOD_MATCH = YES;
				COPY_PHASE_STRIP = NO;
				DEBUG_INFORMATION_FORMAT = "dwarf-with-dsym";
				ENABLE_NS_ASSERTIONS = NO;
				ENABLE_STRICT_OBJC_MSGSEND = YES;
				GCC_C_LANGUAGE_STANDARD = gnu11;
				GCC_NO_COMMON_BLOCKS = YES;
				GCC_WARN_64_TO_32_BIT_CONVERSION = YES;
				GCC_WARN_ABOUT_RETURN_TYPE = YES_ERROR;
				GCC_WARN_UNDECLARED_SELECTOR = YES;
				GCC_WARN_UNINITIALIZED_AUTOS = YES_AGGRESSIVE;
				GCC_WARN_UNUSED_FUNCTION = YES;
				GCC_WARN_UNUSED_VARIABLE = YES;
				IPHONEOS_DEPLOYMENT_TARGET = 15.5;
				MTL_ENABLE_DEBUG_INFO = NO;
				MTL_FAST_MATH = YES;
				SDKROOT = iphoneos;
				SWIFT_COMPILATION_MODE = wholemodule;
				SWIFT_OPTIMIZATION_LEVEL = "-O";
				VALIDATE_PRODUCT = YES;
			};
			name = Release;
		};
		796726F428BC68E700A008BC /* Debug */ = {
			isa = XCBuildConfiguration;
			buildSettings = {
				ASSETCATALOG_COMPILER_APPICON_NAME = AppIcon;
				ASSETCATALOG_COMPILER_GLOBAL_ACCENT_COLOR_NAME = AccentColor;
				CODE_SIGN_ENTITLEMENTS = "HealthKit-Example/Resources/HealthKit-Example.entitlements";
				CODE_SIGN_STYLE = Automatic;
				CURRENT_PROJECT_VERSION = 1;
				DEVELOPMENT_TEAM = C3V7CV8375;
				GENERATE_INFOPLIST_FILE = YES;
				INFOPLIST_FILE = "HealthKit-Example/Resources/Info.plist";
				INFOPLIST_KEY_UIApplicationSupportsIndirectInputEvents = YES;
				INFOPLIST_KEY_UILaunchStoryboardName = LaunchScreen;
				INFOPLIST_KEY_UIMainStoryboardFile = Main;
				INFOPLIST_KEY_UISupportedInterfaceOrientations_iPad = "UIInterfaceOrientationPortrait UIInterfaceOrientationPortraitUpsideDown UIInterfaceOrientationLandscapeLeft UIInterfaceOrientationLandscapeRight";
				INFOPLIST_KEY_UISupportedInterfaceOrientations_iPhone = "UIInterfaceOrientationPortrait UIInterfaceOrientationLandscapeLeft UIInterfaceOrientationLandscapeRight";
				IPHONEOS_DEPLOYMENT_TARGET = 13.0;
				LD_RUNPATH_SEARCH_PATHS = (
					"$(inherited)",
					"@executable_path/Frameworks",
				);
				MARKETING_VERSION = 1.0;
				PRODUCT_BUNDLE_IDENTIFIER = "woogie.HealthKit-Example";
				PRODUCT_NAME = "$(TARGET_NAME)";
				SWIFT_EMIT_LOC_STRINGS = YES;
				SWIFT_VERSION = 5.0;
				TARGETED_DEVICE_FAMILY = "1,2";
			};
			name = Debug;
		};
		796726F528BC68E700A008BC /* Release */ = {
			isa = XCBuildConfiguration;
			buildSettings = {
				ASSETCATALOG_COMPILER_APPICON_NAME = AppIcon;
				ASSETCATALOG_COMPILER_GLOBAL_ACCENT_COLOR_NAME = AccentColor;
				CODE_SIGN_ENTITLEMENTS = "HealthKit-Example/Resources/HealthKit-Example.entitlements";
				CODE_SIGN_STYLE = Automatic;
				CURRENT_PROJECT_VERSION = 1;
				DEVELOPMENT_TEAM = C3V7CV8375;
				GENERATE_INFOPLIST_FILE = YES;
				INFOPLIST_FILE = "HealthKit-Example/Resources/Info.plist";
				INFOPLIST_KEY_UIApplicationSupportsIndirectInputEvents = YES;
				INFOPLIST_KEY_UILaunchStoryboardName = LaunchScreen;
				INFOPLIST_KEY_UIMainStoryboardFile = Main;
				INFOPLIST_KEY_UISupportedInterfaceOrientations_iPad = "UIInterfaceOrientationPortrait UIInterfaceOrientationPortraitUpsideDown UIInterfaceOrientationLandscapeLeft UIInterfaceOrientationLandscapeRight";
				INFOPLIST_KEY_UISupportedInterfaceOrientations_iPhone = "UIInterfaceOrientationPortrait UIInterfaceOrientationLandscapeLeft UIInterfaceOrientationLandscapeRight";
				IPHONEOS_DEPLOYMENT_TARGET = 13.0;
				LD_RUNPATH_SEARCH_PATHS = (
					"$(inherited)",
					"@executable_path/Frameworks",
				);
				MARKETING_VERSION = 1.0;
				PRODUCT_BUNDLE_IDENTIFIER = "woogie.HealthKit-Example";
				PRODUCT_NAME = "$(TARGET_NAME)";
				SWIFT_EMIT_LOC_STRINGS = YES;
				SWIFT_VERSION = 5.0;
				TARGETED_DEVICE_FAMILY = "1,2";
			};
			name = Release;
		};
/* End XCBuildConfiguration section */

/* Begin XCConfigurationList section */
		796726DA28BC68E600A008BC /* Build configuration list for PBXProject "HealthKit-Example" */ = {
			isa = XCConfigurationList;
			buildConfigurations = (
				796726F128BC68E700A008BC /* Debug */,
				796726F228BC68E700A008BC /* Release */,
			);
			defaultConfigurationIsVisible = 0;
			defaultConfigurationName = Release;
		};
		796726F328BC68E700A008BC /* Build configuration list for PBXNativeTarget "HealthKit-Example" */ = {
			isa = XCConfigurationList;
			buildConfigurations = (
				796726F428BC68E700A008BC /* Debug */,
				796726F528BC68E700A008BC /* Release */,
			);
			defaultConfigurationIsVisible = 0;
			defaultConfigurationName = Release;
		};
/* End XCConfigurationList section */
	};
	rootObject = 796726D728BC68E600A008BC /* Project object */;
}
